
Microsoft Visual Studio Solution File, Format Version 12.00
# Visual Studio 15
VisualStudioVersion = 15.0.28307.852
MinimumVisualStudioVersion = 10.0.40219.1
Project("{FAE04EC0-301F-11D3-BF4B-00C04F79EFBC}") = "Ejercicio13.Android", "Ejercicio13\Ejercicio13.Android\Ejercicio13.Android.csproj", "{A89B41DA-B6C1-4A13-8C1C-C31AC5324DFE}"
EndProject
Project("{FAE04EC0-301F-11D3-BF4B-00C04F79EFBC}") = "Ejercicio13.iOS", "Ejercicio13\Ejercicio13.iOS\Ejercicio13.iOS.csproj", "{C8CDA53E-D6C1-4641-82F5-D826670E9E1E}"
EndProject
Project("{FAE04EC0-301F-11D3-BF4B-00C04F79EFBC}") = "Ejercicio13", "Ejercicio13\Ejercicio13\Ejercicio13.csproj", "{DCAF9D96-D701-4491-8532-F8F4A8003741}"
EndProject
Global
	GlobalSection(SolutionConfigurationPlatforms) = preSolution
		Ad-Hoc|Any CPU = Ad-Hoc|Any CPU
		Ad-Hoc|iPhone = Ad-Hoc|iPhone
		Ad-Hoc|iPhoneSimulator = Ad-Hoc|iPhoneSimulator
		AppStore|Any CPU = AppStore|Any CPU
		AppStore|iPhone = AppStore|iPhone
		AppStore|iPhoneSimulator = AppStore|iPhoneSimulator
		Debug|Any CPU = Debug|Any CPU
		Debug|iPhone = Debug|iPhone
		Debug|iPhoneSimulator = Debug|iPhoneSimulator
		Release|Any CPU = Release|Any CPU
		Release|iPhone = Release|iPhone
		Release|iPhoneSimulator = Release|iPhoneSimulator
	EndGlobalSection
	GlobalSection(ProjectConfigurationPlatforms) = postSolution
		{A89B41DA-B6C1-4A13-8C1C-C31AC5324DFE}.Ad-Hoc|Any CPU.ActiveCfg = Release|Any CPU
		{A89B41DA-B6C1-4A13-8C1C-C31AC5324DFE}.Ad-Hoc|Any CPU.Build.0 = Release|Any CPU
		{A89B41DA-B6C1-4A13-8C1C-C31AC5324DFE}.Ad-Hoc|Any CPU.Deploy.0 = Release|Any CPU
		{A89B41DA-B6C1-4A13-8C1C-C31AC5324DFE}.Ad-Hoc|iPhone.ActiveCfg = Release|Any CPU
		{A89B41DA-B6C1-4A13-8C1C-C31AC5324DFE}.Ad-Hoc|iPhone.Build.0 = Release|Any CPU
		{A89B41DA-B6C1-4A13-8C1C-C31AC5324DFE}.Ad-Hoc|iPhone.Deploy.0 = Release|Any CPU
		{A89B41DA-B6C1-4A13-8C1C-C31AC5324DFE}.Ad-Hoc|iPhoneSimulator.ActiveCfg = Release|Any CPU
		{A89B41DA-B6C1-4A13-8C1C-C31AC5324DFE}.Ad-Hoc|iPhoneSimulator.Build.0 = Release|Any CPU
		{A89B41DA-B6C1-4A13-8C1C-C31AC5324DFE}.Ad-Hoc|iPhoneSimulator.Deploy.0 = Release|Any CPU
		{A89B41DA-B6C1-4A13-8C1C-C31AC5324DFE}.AppStore|Any CPU.ActiveCfg = Release|Any CPU
		{A89B41DA-B6C1-4A13-8C1C-C31AC5324DFE}.AppStore|Any CPU.Build.0 = Release|Any CPU
		{A89B41DA-B6C1-4A13-8C1C-C31AC5324DFE}.AppStore|Any CPU.Deploy.0 = Release|Any CPU
		{A89B41DA-B6C1-4A13-8C1C-C31AC5324DFE}.AppStore|iPhone.ActiveCfg = Release|Any CPU
		{A89B41DA-B6C1-4A13-8C1C-C31AC5324DFE}.AppStore|iPhone.Build.0 = Release|Any CPU
		{A89B41DA-B6C1-4A13-8C1C-C31AC5324DFE}.AppStore|iPhone.Deploy.0 = Release|Any CPU
		{A89B41DA-B6C1-4A13-8C1C-C31AC5324DFE}.AppStore|iPhoneSimulator.ActiveCfg = Release|Any CPU
		{A89B41DA-B6C1-4A13-8C1C-C31AC5324DFE}.AppStore|iPhoneSimulator.Build.0 = Release|Any CPU
		{A89B41DA-B6C1-4A13-8C1C-C31AC5324DFE}.AppStore|iPhoneSimulator.Deploy.0 = Release|Any CPU
		{A89B41DA-B6C1-4A13-8C1C-C31AC5324DFE}.Debug|Any CPU.ActiveCfg = Debug|Any CPU
		{A89B41DA-B6C1-4A13-8C1C-C31AC5324DFE}.Debug|Any CPU.Build.0 = Debug|Any CPU
		{A89B41DA-B6C1-4A13-8C1C-C31AC5324DFE}.Debug|Any CPU.Deploy.0 = Debug|Any CPU
		{A89B41DA-B6C1-4A13-8C1C-C31AC5324DFE}.Debug|iPhone.ActiveCfg = Debug|Any CPU
		{A89B41DA-B6C1-4A13-8C1C-C31AC5324DFE}.Debug|iPhone.Build.0 = Debug|Any CPU
		{A89B41DA-B6C1-4A13-8C1C-C31AC5324DFE}.Debug|iPhone.Deploy.0 = Debug|Any CPU
		{A89B41DA-B6C1-4A13-8C1C-C31AC5324DFE}.Debug|iPhoneSimulator.ActiveCfg = Debug|Any CPU
		{A89B41DA-B6C1-4A13-8C1C-C31AC5324DFE}.Debug|iPhoneSimulator.Build.0 = Debug|Any CPU
		{A89B41DA-B6C1-4A13-8C1C-C31AC5324DFE}.Debug|iPhoneSimulator.Deploy.0 = Debug|Any CPU
		{A89B41DA-B6C1-4A13-8C1C-C31AC5324DFE}.Release|Any CPU.ActiveCfg = Release|Any CPU
		{A89B41DA-B6C1-4A13-8C1C-C31AC5324DFE}.Release|Any CPU.Build.0 = Release|Any CPU
		{A89B41DA-B6C1-4A13-8C1C-C31AC5324DFE}.Release|Any CPU.Deploy.0 = Release|Any CPU
		{A89B41DA-B6C1-4A13-8C1C-C31AC5324DFE}.Release|iPhone.ActiveCfg = Release|Any CPU
		{A89B41DA-B6C1-4A13-8C1C-C31AC5324DFE}.Release|iPhone.Build.0 = Release|Any CPU
		{A89B41DA-B6C1-4A13-8C1C-C31AC5324DFE}.Release|iPhone.Deploy.0 = Release|Any CPU
		{A89B41DA-B6C1-4A13-8C1C-C31AC5324DFE}.Release|iPhoneSimulator.ActiveCfg = Release|Any CPU
		{A89B41DA-B6C1-4A13-8C1C-C31AC5324DFE}.Release|iPhoneSimulator.Build.0 = Release|Any CPU
		{A89B41DA-B6C1-4A13-8C1C-C31AC5324DFE}.Release|iPhoneSimulator.Deploy.0 = Release|Any CPU
		{C8CDA53E-D6C1-4641-82F5-D826670E9E1E}.Ad-Hoc|Any CPU.ActiveCfg = Ad-Hoc|iPhone
		{C8CDA53E-D6C1-4641-82F5-D826670E9E1E}.Ad-Hoc|Any CPU.Build.0 = Ad-Hoc|iPhone
		{C8CDA53E-D6C1-4641-82F5-D826670E9E1E}.Ad-Hoc|Any CPU.Deploy.0 = Ad-Hoc|iPhone
		{C8CDA53E-D6C1-4641-82F5-D826670E9E1E}.Ad-Hoc|iPhone.ActiveCfg = Ad-Hoc|iPhone
		{C8CDA53E-D6C1-4641-82F5-D826670E9E1E}.Ad-Hoc|iPhone.Build.0 = Ad-Hoc|iPhone
		{C8CDA53E-D6C1-4641-82F5-D826670E9E1E}.Ad-Hoc|iPhone.Deploy.0 = Ad-Hoc|iPhone
		{C8CDA53E-D6C1-4641-82F5-D826670E9E1E}.Ad-Hoc|iPhoneSimulator.ActiveCfg = Ad-Hoc|iPhoneSimulator
		{C8CDA53E-D6C1-4641-82F5-D826670E9E1E}.Ad-Hoc|iPhoneSimulator.Build.0 = Ad-Hoc|iPhoneSimulator
		{C8CDA53E-D6C1-4641-82F5-D826670E9E1E}.Ad-Hoc|iPhoneSimulator.Deploy.0 = Ad-Hoc|iPhoneSimulator
		{C8CDA53E-D6C1-4641-82F5-D826670E9E1E}.AppStore|Any CPU.ActiveCfg = AppStore|iPhone
		{C8CDA53E-D6C1-4641-82F5-D826670E9E1E}.AppStore|Any CPU.Build.0 = AppStore|iPhone
		{C8CDA53E-D6C1-4641-82F5-D826670E9E1E}.AppStore|Any CPU.Deploy.0 = AppStore|iPhone
		{C8CDA53E-D6C1-4641-82F5-D826670E9E1E}.AppStore|iPhone.ActiveCfg = AppStore|iPhone
		{C8CDA53E-D6C1-4641-82F5-D826670E9E1E}.AppStore|iPhone.Build.0 = AppStore|iPhone
		{C8CDA53E-D6C1-4641-82F5-D826670E9E1E}.AppStore|iPhone.Deploy.0 = AppStore|iPhone
		{C8CDA53E-D6C1-4641-82F5-D826670E9E1E}.AppStore|iPhoneSimulator.ActiveCfg = AppStore|iPhoneSimulator
		{C8CDA53E-D6C1-4641-82F5-D826670E9E1E}.AppStore|iPhoneSimulator.Build.0 = AppStore|iPhoneSimulator
		{C8CDA53E-D6C1-4641-82F5-D826670E9E1E}.AppStore|iPhoneSimulator.Deploy.0 = AppStore|iPhoneSimulator
		{C8CDA53E-D6C1-4641-82F5-D826670E9E1E}.Debug|Any CPU.ActiveCfg = Debug|iPhoneSimulator
		{C8CDA53E-D6C1-4641-82F5-D826670E9E1E}.Debug|Any CPU.Build.0 = Debug|iPhoneSimulator
		{C8CDA53E-D6C1-4641-82F5-D826670E9E1E}.Debug|Any CPU.Deploy.0 = Debug|iPhoneSimulator
		{C8CDA53E-D6C1-4641-82F5-D826670E9E1E}.Debug|iPhone.ActiveCfg = Debug|iPhone
		{C8CDA53E-D6C1-4641-82F5-D826670E9E1E}.Debug|iPhone.Build.0 = Debug|iPhone
		{C8CDA53E-D6C1-4641-82F5-D826670E9E1E}.Debug|iPhone.Deploy.0 = Debug|iPhone
		{C8CDA53E-D6C1-4641-82F5-D826670E9E1E}.Debug|iPhoneSimulator.ActiveCfg = Debug|iPhoneSimulator
		{C8CDA53E-D6C1-4641-82F5-D826670E9E1E}.Debug|iPhoneSimulator.Build.0 = Debug|iPhoneSimulator
		{C8CDA53E-D6C1-4641-82F5-D826670E9E1E}.Debug|iPhoneSimulator.Deploy.0 = Debug|iPhoneSimulator
		{C8CDA53E-D6C1-4641-82F5-D826670E9E1E}.Release|Any CPU.ActiveCfg = Release|iPhone
		{C8CDA53E-D6C1-4641-82F5-D826670E9E1E}.Release|Any CPU.Build.0 = Release|iPhone
		{C8CDA53E-D6C1-4641-82F5-D826670E9E1E}.Release|Any CPU.Deploy.0 = Release|iPhone
		{C8CDA53E-D6C1-4641-82F5-D826670E9E1E}.Release|iPhone.ActiveCfg = Release|iPhone
		{C8CDA53E-D6C1-4641-82F5-D826670E9E1E}.Release|iPhone.Build.0 = Release|iPhone
		{C8CDA53E-D6C1-4641-82F5-D826670E9E1E}.Release|iPhone.Deploy.0 = Release|iPhone
		{C8CDA53E-D6C1-4641-82F5-D826670E9E1E}.Release|iPhoneSimulator.ActiveCfg = Release|iPhoneSimulator
		{C8CDA53E-D6C1-4641-82F5-D826670E9E1E}.Release|iPhoneSimulator.Build.0 = Release|iPhoneSimulator
		{C8CDA53E-D6C1-4641-82F5-D826670E9E1E}.Release|iPhoneSimulator.Deploy.0 = Release|iPhoneSimulator
		{DCAF9D96-D701-4491-8532-F8F4A8003741}.Ad-Hoc|Any CPU.ActiveCfg = Debug|Any CPU
		{DCAF9D96-D701-4491-8532-F8F4A8003741}.Ad-Hoc|Any CPU.Build.0 = Debug|Any CPU
		{DCAF9D96-D701-4491-8532-F8F4A8003741}.Ad-Hoc|Any CPU.Deploy.0 = Debug|Any CPU
		{DCAF9D96-D701-4491-8532-F8F4A8003741}.Ad-Hoc|iPhone.ActiveCfg = Debug|Any CPU
		{DCAF9D96-D701-4491-8532-F8F4A8003741}.Ad-Hoc|iPhone.Build.0 = Debug|Any CPU
		{DCAF9D96-D701-4491-8532-F8F4A8003741}.Ad-Hoc|iPhone.Deploy.0 = Debug|Any CPU
		{DCAF9D96-D701-4491-8532-F8F4A8003741}.Ad-Hoc|iPhoneSimulator.ActiveCfg = Debug|Any CPU
		{DCAF9D96-D701-4491-8532-F8F4A8003741}.Ad-Hoc|iPhoneSimulator.Build.0 = Debug|Any CPU
		{DCAF9D96-D701-4491-8532-F8F4A8003741}.Ad-Hoc|iPhoneSimulator.Deploy.0 = Debug|Any CPU
		{DCAF9D96-D701-4491-8532-F8F4A8003741}.AppStore|Any CPU.ActiveCfg = Debug|Any CPU
		{DCAF9D96-D701-4491-8532-F8F4A8003741}.AppStore|Any CPU.Build.0 = Debug|Any CPU
		{DCAF9D96-D701-4491-8532-F8F4A8003741}.AppStore|Any CPU.Deploy.0 = Debug|Any CPU
		{DCAF9D96-D701-4491-8532-F8F4A8003741}.AppStore|iPhone.ActiveCfg = Debug|Any CPU
		{DCAF9D96-D701-4491-8532-F8F4A8003741}.AppStore|iPhone.Build.0 = Debug|Any CPU
		{DCAF9D96-D701-4491-8532-F8F4A8003741}.AppStore|iPhone.Deploy.0 = Debug|Any CPU
		{DCAF9D96-D701-4491-8532-F8F4A8003741}.AppStore|iPhoneSimulator.ActiveCfg = Debug|Any CPU
		{DCAF9D96-D701-4491-8532-F8F4A8003741}.AppStore|iPhoneSimulator.Build.0 = Debug|Any CPU
		{DCAF9D96-D701-4491-8532-F8F4A8003741}.AppStore|iPhoneSimulator.Deploy.0 = Debug|Any CPU
		{DCAF9D96-D701-4491-8532-F8F4A8003741}.Debug|Any CPU.ActiveCfg = Debug|Any CPU
		{DCAF9D96-D701-4491-8532-F8F4A8003741}.Debug|Any CPU.Build.0 = Debug|Any CPU
		{DCAF9D96-D701-4491-8532-F8F4A8003741}.Debug|Any CPU.Deploy.0 = Debug|Any CPU
		{DCAF9D96-D701-4491-8532-F8F4A8003741}.Debug|iPhone.ActiveCfg = Debug|Any CPU
		{DCAF9D96-D701-4491-8532-F8F4A8003741}.Debug|iPhone.Build.0 = Debug|Any CPU
		{DCAF9D96-D701-4491-8532-F8F4A8003741}.Debug|iPhone.Deploy.0 = Debug|Any CPU
		{DCAF9D96-D701-4491-8532-F8F4A8003741}.Debug|iPhoneSimulator.ActiveCfg = Debug|Any CPU
		{DCAF9D96-D701-4491-8532-F8F4A8003741}.Debug|iPhoneSimulator.Build.0 = Debug|Any CPU
		{DCAF9D96-D701-4491-8532-F8F4A8003741}.Debug|iPhoneSimulator.Deploy.0 = Debug|Any CPU
		{DCAF9D96-D701-4491-8532-F8F4A8003741}.Release|Any CPU.ActiveCfg = Release|Any CPU
		{DCAF9D96-D701-4491-8532-F8F4A8003741}.Release|Any CPU.Build.0 = Release|Any CPU
		{DCAF9D96-D701-4491-8532-F8F4A8003741}.Release|Any CPU.Deploy.0 = Release|Any CPU
		{DCAF9D96-D701-4491-8532-F8F4A8003741}.Release|iPhone.ActiveCfg = Release|Any CPU
		{DCAF9D96-D701-4491-8532-F8F4A8003741}.Release|iPhone.Build.0 = Release|Any CPU
		{DCAF9D96-D701-4491-8532-F8F4A8003741}.Release|iPhone.Deploy.0 = Release|Any CPU
		{DCAF9D96-D701-4491-8532-F8F4A8003741}.Release|iPhoneSimulator.ActiveCfg = Release|Any CPU
		{DCAF9D96-D701-4491-8532-F8F4A8003741}.Release|iPhoneSimulator.Build.0 = Release|Any CPU
		{DCAF9D96-D701-4491-8532-F8F4A8003741}.Release|iPhoneSimulator.Deploy.0 = Release|Any CPU
	EndGlobalSection
	GlobalSection(SolutionProperties) = preSolution
		HideSolutionNode = FALSE
	EndGlobalSection
	GlobalSection(ExtensibilityGlobals) = postSolution
		SolutionGuid = {E7926B04-2A09-4ACA-9A54-AC976429A765}
	EndGlobalSection
EndGlobal
